
Microsoft Visual Studio Solution File, Format Version 12.00
# Visual Studio 15
VisualStudioVersion = 15.0.28307.438
MinimumVisualStudioVersion = 10.0.40219.1
Project("{FAE04EC0-301F-11D3-BF4B-00C04F79EFBC}") = "DB_Fancy", "DB_Fancy\DB_Fancy.csproj", "{A2C5B8B5-4DA9-4D3C-B411-C954FBEBDFFC}"
EndProject
Project("{FAE04EC0-301F-11D3-BF4B-00C04F79EFBC}") = "Ctr_Customs", "Ctr_Customs\Ctr_Customs.csproj", "{A9DCCDD6-AED2-451A-8CC6-9EA7F627CEC3}"
EndProject
Project("{FAE04EC0-301F-11D3-BF4B-00C04F79EFBC}") = "Cls_Utility", "Cls_Utility\Cls_Utility.csproj", "{62B747DA-82E1-492F-BB41-BBE8FC2EA683}"
EndProject
Project("{FAE04EC0-301F-11D3-BF4B-00C04F79EFBC}") = "UI_JA_Members", "UI_JA_Members\UI_JA_Members.csproj", "{77A87A57-B77A-417E-8E43-6B792980AE37}"
EndProject
Project("{FAE04EC0-301F-11D3-BF4B-00C04F79EFBC}") = "UI_JA_Main", "UI_JA_Main\UI_JA_Main.csproj", "{DED328B2-FB80-487D-A0F6-2E37889402D0}"
EndProject
Global
	GlobalSection(SolutionConfigurationPlatforms) = preSolution
		Debug|Any CPU = Debug|Any CPU
		Release|Any CPU = Release|Any CPU
	EndGlobalSection
	GlobalSection(ProjectConfigurationPlatforms) = postSolution
		{A2C5B8B5-4DA9-4D3C-B411-C954FBEBDFFC}.Debug|Any CPU.ActiveCfg = Debug|Any CPU
		{A2C5B8B5-4DA9-4D3C-B411-C954FBEBDFFC}.Debug|Any CPU.Build.0 = Debug|Any CPU
		{A2C5B8B5-4DA9-4D3C-B411-C954FBEBDFFC}.Release|Any CPU.ActiveCfg = Release|Any CPU
		{A2C5B8B5-4DA9-4D3C-B411-C954FBEBDFFC}.Release|Any CPU.Build.0 = Release|Any CPU
		{A9DCCDD6-AED2-451A-8CC6-9EA7F627CEC3}.Debug|Any CPU.ActiveCfg = Debug|Any CPU
		{A9DCCDD6-AED2-451A-8CC6-9EA7F627CEC3}.Debug|Any CPU.Build.0 = Debug|Any CPU
		{A9DCCDD6-AED2-451A-8CC6-9EA7F627CEC3}.Release|Any CPU.ActiveCfg = Release|Any CPU
		{A9DCCDD6-AED2-451A-8CC6-9EA7F627CEC3}.Release|Any CPU.Build.0 = Release|Any CPU
		{62B747DA-82E1-492F-BB41-BBE8FC2EA683}.Debug|Any CPU.ActiveCfg = Debug|Any CPU
		{62B747DA-82E1-492F-BB41-BBE8FC2EA683}.Debug|Any CPU.Build.0 = Debug|Any CPU
		{62B747DA-82E1-492F-BB41-BBE8FC2EA683}.Release|Any CPU.ActiveCfg = Release|Any CPU
		{62B747DA-82E1-492F-BB41-BBE8FC2EA683}.Release|Any CPU.Build.0 = Release|Any CPU
		{77A87A57-B77A-417E-8E43-6B792980AE37}.Debug|Any CPU.ActiveCfg = Debug|Any CPU
		{77A87A57-B77A-417E-8E43-6B792980AE37}.Debug|Any CPU.Build.0 = Debug|Any CPU
		{77A87A57-B77A-417E-8E43-6B792980AE37}.Release|Any CPU.ActiveCfg = Release|Any CPU
		{77A87A57-B77A-417E-8E43-6B792980AE37}.Release|Any CPU.Build.0 = Release|Any CPU
		{DED328B2-FB80-487D-A0F6-2E37889402D0}.Debug|Any CPU.ActiveCfg = Debug|Any CPU
		{DED328B2-FB80-487D-A0F6-2E37889402D0}.Debug|Any CPU.Build.0 = Debug|Any CPU
		{DED328B2-FB80-487D-A0F6-2E37889402D0}.Release|Any CPU.ActiveCfg = Release|Any CPU
		{DED328B2-FB80-487D-A0F6-2E37889402D0}.Release|Any CPU.Build.0 = Release|Any CPU
	EndGlobalSection
	GlobalSection(SolutionProperties) = preSolution
		HideSolutionNode = FALSE
	EndGlobalSection
	GlobalSection(ExtensibilityGlobals) = postSolution
		SolutionGuid = {42AFDC5B-0071-48B4-BFC0-C9B8C2B27520}
	EndGlobalSection
EndGlobal
